
Microsoft Visual Studio Solution File, Format Version 12.00
# Visual Studio Version 16
VisualStudioVersion = 16.0.30309.148
MinimumVisualStudioVersion = 10.0.40219.1
Project("{9A19103F-16F7-4668-BE54-9A1E7A4F7556}") = "ECommerce.Web", "ECommerce.Web\ECommerce.Web.csproj", "{40014A35-9BF4-417D-87DF-20534E1DF90A}"
EndProject
Project("{2150E333-8FDC-42A3-9474-1A3956D46DE8}") = "Library", "Library", "{A468312F-F62C-4894-8A16-FE1C6B7C9E8E}"
EndProject
Project("{9A19103F-16F7-4668-BE54-9A1E7A4F7556}") = "ECommerce.Data", "ECommerce.Data\ECommerce.Data.csproj", "{A469E408-FD47-4179-B7A1-01049B1F1CF6}"
EndProject
Project("{FAE04EC0-301F-11D3-BF4B-00C04F79EFBC}") = "ECommerce.Core", "ECommerce.Core\ECommerce.Core.csproj", "{04127FC6-4F4D-419F-B015-13ABDEC4FF6E}"
EndProject
Global
	GlobalSection(SolutionConfigurationPlatforms) = preSolution
		Debug|Any CPU = Debug|Any CPU
		Release|Any CPU = Release|Any CPU
	EndGlobalSection
	GlobalSection(ProjectConfigurationPlatforms) = postSolution
		{40014A35-9BF4-417D-87DF-20534E1DF90A}.Debug|Any CPU.ActiveCfg = Debug|Any CPU
		{40014A35-9BF4-417D-87DF-20534E1DF90A}.Debug|Any CPU.Build.0 = Debug|Any CPU
		{40014A35-9BF4-417D-87DF-20534E1DF90A}.Release|Any CPU.ActiveCfg = Release|Any CPU
		{40014A35-9BF4-417D-87DF-20534E1DF90A}.Release|Any CPU.Build.0 = Release|Any CPU
		{A469E408-FD47-4179-B7A1-01049B1F1CF6}.Debug|Any CPU.ActiveCfg = Debug|Any CPU
		{A469E408-FD47-4179-B7A1-01049B1F1CF6}.Debug|Any CPU.Build.0 = Debug|Any CPU
		{A469E408-FD47-4179-B7A1-01049B1F1CF6}.Release|Any CPU.ActiveCfg = Release|Any CPU
		{A469E408-FD47-4179-B7A1-01049B1F1CF6}.Release|Any CPU.Build.0 = Release|Any CPU
		{04127FC6-4F4D-419F-B015-13ABDEC4FF6E}.Debug|Any CPU.ActiveCfg = Debug|Any CPU
		{04127FC6-4F4D-419F-B015-13ABDEC4FF6E}.Debug|Any CPU.Build.0 = Debug|Any CPU
		{04127FC6-4F4D-419F-B015-13ABDEC4FF6E}.Release|Any CPU.ActiveCfg = Release|Any CPU
		{04127FC6-4F4D-419F-B015-13ABDEC4FF6E}.Release|Any CPU.Build.0 = Release|Any CPU
	EndGlobalSection
	GlobalSection(SolutionProperties) = preSolution
		HideSolutionNode = FALSE
	EndGlobalSection
	GlobalSection(NestedProjects) = preSolution
		{A469E408-FD47-4179-B7A1-01049B1F1CF6} = {A468312F-F62C-4894-8A16-FE1C6B7C9E8E}
		{04127FC6-4F4D-419F-B015-13ABDEC4FF6E} = {A468312F-F62C-4894-8A16-FE1C6B7C9E8E}
	EndGlobalSection
	GlobalSection(ExtensibilityGlobals) = postSolution
		SolutionGuid = {7E5DE01C-B78A-4098-B7F4-5CDF52146C0E}
	EndGlobalSection
EndGlobal
